
Microsoft Visual Studio Solution File, Format Version 12.00
# Visual Studio 14
VisualStudioVersion = 14.0.25420.1
MinimumVisualStudioVersion = 10.0.40219.1
Project("{FAE04EC0-301F-11D3-BF4B-00C04F79EFBC}") = "ExcelToDBApp", "ExcelToDBApp\ExcelToDBApp.csproj", "{37F8C241-1CA9-4260-9408-9DC05114E00B}"
EndProject
Project("{FAE04EC0-301F-11D3-BF4B-00C04F79EFBC}") = "ExcelToDBAppDBLib", "ExcelToDBAppDBLib\ExcelToDBAppDBLib.csproj", "{9A115FAB-B7E2-4C5C-A73A-A2A84B5FB9E4}"
EndProject
Project("{FAE04EC0-301F-11D3-BF4B-00C04F79EFBC}") = "ExcelToDBAppModel", "ExcelToDBAppModel\ExcelToDBAppModel.csproj", "{A8B93576-81CF-4070-B274-4E971A363A84}"
EndProject
Global
	GlobalSection(SolutionConfigurationPlatforms) = preSolution
		Debug|Any CPU = Debug|Any CPU
		Release|Any CPU = Release|Any CPU
	EndGlobalSection
	GlobalSection(ProjectConfigurationPlatforms) = postSolution
		{37F8C241-1CA9-4260-9408-9DC05114E00B}.Debug|Any CPU.ActiveCfg = Debug|Any CPU
		{37F8C241-1CA9-4260-9408-9DC05114E00B}.Debug|Any CPU.Build.0 = Debug|Any CPU
		{37F8C241-1CA9-4260-9408-9DC05114E00B}.Release|Any CPU.ActiveCfg = Release|Any CPU
		{37F8C241-1CA9-4260-9408-9DC05114E00B}.Release|Any CPU.Build.0 = Release|Any CPU
		{9A115FAB-B7E2-4C5C-A73A-A2A84B5FB9E4}.Debug|Any CPU.ActiveCfg = Debug|Any CPU
		{9A115FAB-B7E2-4C5C-A73A-A2A84B5FB9E4}.Debug|Any CPU.Build.0 = Debug|Any CPU
		{9A115FAB-B7E2-4C5C-A73A-A2A84B5FB9E4}.Release|Any CPU.ActiveCfg = Release|Any CPU
		{9A115FAB-B7E2-4C5C-A73A-A2A84B5FB9E4}.Release|Any CPU.Build.0 = Release|Any CPU
		{A8B93576-81CF-4070-B274-4E971A363A84}.Debug|Any CPU.ActiveCfg = Debug|Any CPU
		{A8B93576-81CF-4070-B274-4E971A363A84}.Debug|Any CPU.Build.0 = Debug|Any CPU
		{A8B93576-81CF-4070-B274-4E971A363A84}.Release|Any CPU.ActiveCfg = Release|Any CPU
		{A8B93576-81CF-4070-B274-4E971A363A84}.Release|Any CPU.Build.0 = Release|Any CPU
	EndGlobalSection
	GlobalSection(SolutionProperties) = preSolution
		HideSolutionNode = FALSE
	EndGlobalSection
EndGlobal
